
Microsoft Visual Studio Solution File, Format Version 12.00
# Visual Studio Version 17
VisualStudioVersion = 17.8.34309.116
MinimumVisualStudioVersion = 10.0.40219.1
Project("{FAE04EC0-301F-11D3-BF4B-00C04F79EFBC}") = "SignalRChat", "SignalRChat.csproj", "{186E2EFF-D43C-4E60-93E8-F5470A506B6A}"
EndProject
Global
	GlobalSection(SolutionConfigurationPlatforms) = preSolution
		Debug|Any CPU = Debug|Any CPU
		Release|Any CPU = Release|Any CPU
	EndGlobalSection
	GlobalSection(ProjectConfigurationPlatforms) = postSolution
		{186E2EFF-D43C-4E60-93E8-F5470A506B6A}.Debug|Any CPU.ActiveCfg = Debug|Any CPU
		{186E2EFF-D43C-4E60-93E8-F5470A506B6A}.Debug|Any CPU.Build.0 = Debug|Any CPU
		{186E2EFF-D43C-4E60-93E8-F5470A506B6A}.Release|Any CPU.ActiveCfg = Release|Any CPU
		{186E2EFF-D43C-4E60-93E8-F5470A506B6A}.Release|Any CPU.Build.0 = Release|Any CPU
	EndGlobalSection
	GlobalSection(SolutionProperties) = preSolution
		HideSolutionNode = FALSE
	EndGlobalSection
	GlobalSection(ExtensibilityGlobals) = postSolution
		SolutionGuid = {2561B979-4661-4B06-B125-91D924E9BAF7}
	EndGlobalSection
EndGlobal
